
Microsoft Visual Studio Solution File, Format Version 12.00
# Visual Studio Version 17
VisualStudioVersion = 17.8.34309.116
MinimumVisualStudioVersion = 10.0.40219.1
Project("{FAE04EC0-301F-11D3-BF4B-00C04F79EFBC}") = "DVar.TextExtractor.Gui", "DVar.TextExtractor.Gui\DVar.TextExtractor.Gui.csproj", "{61913165-0256-4EBD-B87B-0578E4EEA931}"
EndProject
Project("{9A19103F-16F7-4668-BE54-9A1E7A4F7556}") = "DVar.TextFromImage", "..\LearningJapanese\DVar.TextFromImage\DVar.TextFromImage.csproj", "{6A0A44B8-4516-4A99-98F0-9F7D760227B7}"
EndProject
Global
	GlobalSection(SolutionConfigurationPlatforms) = preSolution
		Debug|Any CPU = Debug|Any CPU
		Release|Any CPU = Release|Any CPU
	EndGlobalSection
	GlobalSection(ProjectConfigurationPlatforms) = postSolution
		{61913165-0256-4EBD-B87B-0578E4EEA931}.Debug|Any CPU.ActiveCfg = Debug|Any CPU
		{61913165-0256-4EBD-B87B-0578E4EEA931}.Debug|Any CPU.Build.0 = Debug|Any CPU
		{61913165-0256-4EBD-B87B-0578E4EEA931}.Release|Any CPU.ActiveCfg = Release|Any CPU
		{61913165-0256-4EBD-B87B-0578E4EEA931}.Release|Any CPU.Build.0 = Release|Any CPU
		{6A0A44B8-4516-4A99-98F0-9F7D760227B7}.Debug|Any CPU.ActiveCfg = Debug|Any CPU
		{6A0A44B8-4516-4A99-98F0-9F7D760227B7}.Debug|Any CPU.Build.0 = Debug|Any CPU
		{6A0A44B8-4516-4A99-98F0-9F7D760227B7}.Release|Any CPU.ActiveCfg = Release|Any CPU
		{6A0A44B8-4516-4A99-98F0-9F7D760227B7}.Release|Any CPU.Build.0 = Release|Any CPU
	EndGlobalSection
	GlobalSection(SolutionProperties) = preSolution
		HideSolutionNode = FALSE
	EndGlobalSection
	GlobalSection(ExtensibilityGlobals) = postSolution
		SolutionGuid = {41022C97-DC47-40B2-BBC8-A8485E7CCFE1}
	EndGlobalSection
EndGlobal
